
Microsoft Visual Studio Solution File, Format Version 12.00
# Visual Studio Version 16
VisualStudioVersion = 16.0.31025.194
MinimumVisualStudioVersion = 10.0.40219.1
Project("{FAE04EC0-301F-11D3-BF4B-00C04F79EFBC}") = "ReactPeopleCars.Web", "ReactPeopleCars.Web\ReactPeopleCars.Web.csproj", "{664A8C85-49E2-4464-ABF3-76E141D679A8}"
EndProject
Project("{FAE04EC0-301F-11D3-BF4B-00C04F79EFBC}") = "ReactPeopleCars.Data", "ReactPeopleCars.Data\ReactPeopleCars.Data.csproj", "{888C8900-836D-405F-A531-8412888C3996}"
EndProject
Global
	GlobalSection(SolutionConfigurationPlatforms) = preSolution
		Debug|Any CPU = Debug|Any CPU
		Release|Any CPU = Release|Any CPU
	EndGlobalSection
	GlobalSection(ProjectConfigurationPlatforms) = postSolution
		{664A8C85-49E2-4464-ABF3-76E141D679A8}.Debug|Any CPU.ActiveCfg = Debug|Any CPU
		{664A8C85-49E2-4464-ABF3-76E141D679A8}.Debug|Any CPU.Build.0 = Debug|Any CPU
		{664A8C85-49E2-4464-ABF3-76E141D679A8}.Release|Any CPU.ActiveCfg = Release|Any CPU
		{664A8C85-49E2-4464-ABF3-76E141D679A8}.Release|Any CPU.Build.0 = Release|Any CPU
		{888C8900-836D-405F-A531-8412888C3996}.Debug|Any CPU.ActiveCfg = Debug|Any CPU
		{888C8900-836D-405F-A531-8412888C3996}.Debug|Any CPU.Build.0 = Debug|Any CPU
		{888C8900-836D-405F-A531-8412888C3996}.Release|Any CPU.ActiveCfg = Release|Any CPU
		{888C8900-836D-405F-A531-8412888C3996}.Release|Any CPU.Build.0 = Release|Any CPU
	EndGlobalSection
	GlobalSection(SolutionProperties) = preSolution
		HideSolutionNode = FALSE
	EndGlobalSection
	GlobalSection(ExtensibilityGlobals) = postSolution
		SolutionGuid = {16D9DE5E-FAB0-42BE-9314-28B98DBB37A0}
	EndGlobalSection
EndGlobal
